Microsoft Visual Studio Solution File, Format Version 12.00
# Visual Studio 15
VisualStudioVersion = 15.0.27130.2036
MinimumVisualStudioVersion = 10.0.40219.1
Project("{FAE04EC0-301F-11D3-BF4B-00C04F79EFBC}") = "ClockApp.Core.Forms", "ClockApp\ClockApp.Core.Forms.csproj", "{A8DA4421-8394-4FD9-A1B1-C6CC8AFAF047}"
EndProject
Project("{FAE04EC0-301F-11D3-BF4B-00C04F79EFBC}") = "ClockApp.iOS", "iOS\ClockApp.iOS.csproj", "{EF89A71A-B0FB-45DB-A07D-1F6854E78347}"
EndProject
Project("{FAE04EC0-301F-11D3-BF4B-00C04F79EFBC}") = "ClockApp.Droid", "Droid\ClockApp.Droid.csproj", "{A69E2444-1F2E-4826-96D8-7AAF66855FB5}"
EndProject
Project("{FAE04EC0-301F-11D3-BF4B-00C04F79EFBC}") = "ClockApp.Mac16", "ClockApp.Mac16\ClockApp.Mac16.csproj", "{671BFB7B-3D98-41EA-A4F2-87A188626636}"
EndProject
Project("{FAE04EC0-301F-11D3-BF4B-00C04F79EFBC}") = "ClockApp.WPF", "ClockApp.WPF\ClockApp.WPF.csproj", "{DF50BC70-AF17-42FD-ACCA-3BBAF9DAE2A0}"
EndProject
Project("{FAE04EC0-301F-11D3-BF4B-00C04F79EFBC}") = "ClockApp.UWP", "ClockApp.UWP\ClockApp.UWP.csproj", "{23F0E870-2DA7-47C5-86B2-9DC861CC3616}"
EndProject
Global
	GlobalSection(SolutionConfigurationPlatforms) = preSolution
		AppStore|Any CPU = AppStore|Any CPU
		AppStore|ARM = AppStore|ARM
		AppStore|iPhone = AppStore|iPhone
		AppStore|iPhoneSimulator = AppStore|iPhoneSimulator
		AppStore|x64 = AppStore|x64
		AppStore|x86 = AppStore|x86
		Debug|Any CPU = Debug|Any CPU
		Debug|ARM = Debug|ARM
		Debug|iPhone = Debug|iPhone
		Debug|iPhoneSimulator = Debug|iPhoneSimulator
		Debug|x64 = Debug|x64
		Debug|x86 = Debug|x86
		Release|Any CPU = Release|Any CPU
		Release|ARM = Release|ARM
		Release|iPhone = Release|iPhone
		Release|iPhoneSimulator = Release|iPhoneSimulator
		Release|x64 = Release|x64
		Release|x86 = Release|x86
	EndGlobalSection
	GlobalSection(ProjectConfigurationPlatforms) = postSolution
		{A8DA4421-8394-4FD9-A1B1-C6CC8AFAF047}.AppStore|Any CPU.ActiveCfg = Release|Any CPU
		{A8DA4421-8394-4FD9-A1B1-C6CC8AFAF047}.AppStore|Any CPU.Build.0 = Release|Any CPU
		{A8DA4421-8394-4FD9-A1B1-C6CC8AFAF047}.AppStore|ARM.ActiveCfg = Release|Any CPU
		{A8DA4421-8394-4FD9-A1B1-C6CC8AFAF047}.AppStore|ARM.Build.0 = Release|Any CPU
		{A8DA4421-8394-4FD9-A1B1-C6CC8AFAF047}.AppStore|iPhone.ActiveCfg = Release|Any CPU
		{A8DA4421-8394-4FD9-A1B1-C6CC8AFAF047}.AppStore|iPhone.Build.0 = Release|Any CPU
		{A8DA4421-8394-4FD9-A1B1-C6CC8AFAF047}.AppStore|iPhoneSimulator.ActiveCfg = Release|Any CPU
		{A8DA4421-8394-4FD9-A1B1-C6CC8AFAF047}.AppStore|iPhoneSimulator.Build.0 = Release|Any CPU
		{A8DA4421-8394-4FD9-A1B1-C6CC8AFAF047}.AppStore|x64.ActiveCfg = Release|Any CPU
		{A8DA4421-8394-4FD9-A1B1-C6CC8AFAF047}.AppStore|x64.Build.0 = Release|Any CPU
		{A8DA4421-8394-4FD9-A1B1-C6CC8AFAF047}.AppStore|x86.ActiveCfg = Debug|Any CPU
		{A8DA4421-8394-4FD9-A1B1-C6CC8AFAF047}.AppStore|x86.Build.0 = Debug|Any CPU
		{A8DA4421-8394-4FD9-A1B1-C6CC8AFAF047}.Debug|Any CPU.ActiveCfg = Debug|Any CPU
		{A8DA4421-8394-4FD9-A1B1-C6CC8AFAF047}.Debug|Any CPU.Build.0 = Debug|Any CPU
		{A8DA4421-8394-4FD9-A1B1-C6CC8AFAF047}.Debug|ARM.ActiveCfg = Debug|Any CPU
		{A8DA4421-8394-4FD9-A1B1-C6CC8AFAF047}.Debug|ARM.Build.0 = Debug|Any CPU
		{A8DA4421-8394-4FD9-A1B1-C6CC8AFAF047}.Debug|iPhone.ActiveCfg = Debug|Any CPU
		{A8DA4421-8394-4FD9-A1B1-C6CC8AFAF047}.Debug|iPhone.Build.0 = Debug|Any CPU
		{A8DA4421-8394-4FD9-A1B1-C6CC8AFAF047}.Debug|iPhoneSimulator.ActiveCfg = Debug|Any CPU
		{A8DA4421-8394-4FD9-A1B1-C6CC8AFAF047}.Debug|iPhoneSimulator.Build.0 = Debug|Any CPU
		{A8DA4421-8394-4FD9-A1B1-C6CC8AFAF047}.Debug|x64.ActiveCfg = Debug|Any CPU
		{A8DA4421-8394-4FD9-A1B1-C6CC8AFAF047}.Debug|x64.Build.0 = Debug|Any CPU
		{A8DA4421-8394-4FD9-A1B1-C6CC8AFAF047}.Debug|x86.ActiveCfg = Debug|Any CPU
		{A8DA4421-8394-4FD9-A1B1-C6CC8AFAF047}.Debug|x86.Build.0 = Debug|Any CPU
		{A8DA4421-8394-4FD9-A1B1-C6CC8AFAF047}.Release|Any CPU.ActiveCfg = Release|Any CPU
		{A8DA4421-8394-4FD9-A1B1-C6CC8AFAF047}.Release|Any CPU.Build.0 = Release|Any CPU
		{A8DA4421-8394-4FD9-A1B1-C6CC8AFAF047}.Release|ARM.ActiveCfg = Release|Any CPU
		{A8DA4421-8394-4FD9-A1B1-C6CC8AFAF047}.Release|ARM.Build.0 = Release|Any CPU
		{A8DA4421-8394-4FD9-A1B1-C6CC8AFAF047}.Release|iPhone.ActiveCfg = Release|Any CPU
		{A8DA4421-8394-4FD9-A1B1-C6CC8AFAF047}.Release|iPhone.Build.0 = Release|Any CPU
		{A8DA4421-8394-4FD9-A1B1-C6CC8AFAF047}.Release|iPhoneSimulator.ActiveCfg = Release|Any CPU
		{A8DA4421-8394-4FD9-A1B1-C6CC8AFAF047}.Release|iPhoneSimulator.Build.0 = Release|Any CPU
		{A8DA4421-8394-4FD9-A1B1-C6CC8AFAF047}.Release|x64.ActiveCfg = Release|Any CPU
		{A8DA4421-8394-4FD9-A1B1-C6CC8AFAF047}.Release|x64.Build.0 = Release|Any CPU
		{A8DA4421-8394-4FD9-A1B1-C6CC8AFAF047}.Release|x86.ActiveCfg = Release|Any CPU
		{A8DA4421-8394-4FD9-A1B1-C6CC8AFAF047}.Release|x86.Build.0 = Release|Any CPU
		{EF89A71A-B0FB-45DB-A07D-1F6854E78347}.AppStore|Any CPU.ActiveCfg = Release|iPhoneSimulator
		{EF89A71A-B0FB-45DB-A07D-1F6854E78347}.AppStore|ARM.ActiveCfg = Release|iPhoneSimulator
		{EF89A71A-B0FB-45DB-A07D-1F6854E78347}.AppStore|iPhone.ActiveCfg = Release|iPhone
		{EF89A71A-B0FB-45DB-A07D-1F6854E78347}.AppStore|iPhoneSimulator.ActiveCfg = Release|iPhoneSimulator
		{EF89A71A-B0FB-45DB-A07D-1F6854E78347}.AppStore|x64.ActiveCfg = Release|iPhoneSimulator
		{EF89A71A-B0FB-45DB-A07D-1F6854E78347}.AppStore|x86.ActiveCfg = Debug|iPhoneSimulator
		{EF89A71A-B0FB-45DB-A07D-1F6854E78347}.AppStore|x86.Build.0 = Debug|iPhoneSimulator
		{EF89A71A-B0FB-45DB-A07D-1F6854E78347}.Debug|Any CPU.ActiveCfg = Debug|iPhoneSimulator
		{EF89A71A-B0FB-45DB-A07D-1F6854E78347}.Debug|Any CPU.Build.0 = Debug|iPhoneSimulator
		{EF89A71A-B0FB-45DB-A07D-1F6854E78347}.Debug|ARM.ActiveCfg = Debug|iPhone
		{EF89A71A-B0FB-45DB-A07D-1F6854E78347}.Debug|iPhone.ActiveCfg = Debug|iPhone
		{EF89A71A-B0FB-45DB-A07D-1F6854E78347}.Debug|iPhone.Build.0 = Debug|iPhone
		{EF89A71A-B0FB-45DB-A07D-1F6854E78347}.Debug|iPhoneSimulator.ActiveCfg = Debug|iPhoneSimulator
		{EF89A71A-B0FB-45DB-A07D-1F6854E78347}.Debug|iPhoneSimulator.Build.0 = Debug|iPhoneSimulator
		{EF89A71A-B0FB-45DB-A07D-1F6854E78347}.Debug|x64.ActiveCfg = Debug|iPhone
		{EF89A71A-B0FB-45DB-A07D-1F6854E78347}.Debug|x86.ActiveCfg = Debug|iPhone
		{EF89A71A-B0FB-45DB-A07D-1F6854E78347}.Release|Any CPU.ActiveCfg = Release|iPhone
		{EF89A71A-B0FB-45DB-A07D-1F6854E78347}.Release|Any CPU.Build.0 = Release|iPhone
		{EF89A71A-B0FB-45DB-A07D-1F6854E78347}.Release|ARM.ActiveCfg = Release|iPhoneSimulator
		{EF89A71A-B0FB-45DB-A07D-1F6854E78347}.Release|iPhone.ActiveCfg = Release|iPhone
		{EF89A71A-B0FB-45DB-A07D-1F6854E78347}.Release|iPhone.Build.0 = Release|iPhone
		{EF89A71A-B0FB-45DB-A07D-1F6854E78347}.Release|iPhoneSimulator.ActiveCfg = Release|iPhoneSimulator
		{EF89A71A-B0FB-45DB-A07D-1F6854E78347}.Release|iPhoneSimulator.Build.0 = Release|iPhoneSimulator
		{EF89A71A-B0FB-45DB-A07D-1F6854E78347}.Release|x64.ActiveCfg = Release|iPhoneSimulator
		{EF89A71A-B0FB-45DB-A07D-1F6854E78347}.Release|x86.ActiveCfg = Release|iPhoneSimulator
		{A69E2444-1F2E-4826-96D8-7AAF66855FB5}.AppStore|Any CPU.ActiveCfg = Release|Any CPU
		{A69E2444-1F2E-4826-96D8-7AAF66855FB5}.AppStore|Any CPU.Build.0 = Release|Any CPU
		{A69E2444-1F2E-4826-96D8-7AAF66855FB5}.AppStore|Any CPU.Deploy.0 = Release|Any CPU
		{A69E2444-1F2E-4826-96D8-7AAF66855FB5}.AppStore|ARM.ActiveCfg = Release|Any CPU
		{A69E2444-1F2E-4826-96D8-7AAF66855FB5}.AppStore|ARM.Build.0 = Release|Any CPU
		{A69E2444-1F2E-4826-96D8-7AAF66855FB5}.AppStore|ARM.Deploy.0 = Release|Any CPU
		{A69E2444-1F2E-4826-96D8-7AAF66855FB5}.AppStore|iPhone.ActiveCfg = Release|Any CPU
		{A69E2444-1F2E-4826-96D8-7AAF66855FB5}.AppStore|iPhone.Build.0 = Release|Any CPU
		{A69E2444-1F2E-4826-96D8-7AAF66855FB5}.AppStore|iPhone.Deploy.0 = Release|Any CPU
		{A69E2444-1F2E-4826-96D8-7AAF66855FB5}.AppStore|iPhoneSimulator.ActiveCfg = Release|Any CPU
		{A69E2444-1F2E-4826-96D8-7AAF66855FB5}.AppStore|iPhoneSimulator.Build.0 = Release|Any CPU
		{A69E2444-1F2E-4826-96D8-7AAF66855FB5}.AppStore|iPhoneSimulator.Deploy.0 = Release|Any CPU
		{A69E2444-1F2E-4826-96D8-7AAF66855FB5}.AppStore|x64.ActiveCfg = Release|Any CPU
		{A69E2444-1F2E-4826-96D8-7AAF66855FB5}.AppStore|x64.Build.0 = Release|Any CPU
		{A69E2444-1F2E-4826-96D8-7AAF66855FB5}.AppStore|x64.Deploy.0 = Release|Any CPU
		{A69E2444-1F2E-4826-96D8-7AAF66855FB5}.AppStore|x86.ActiveCfg = Debug|Any CPU
		{A69E2444-1F2E-4826-96D8-7AAF66855FB5}.AppStore|x86.Build.0 = Debug|Any CPU
		{A69E2444-1F2E-4826-96D8-7AAF66855FB5}.Debug|Any CPU.ActiveCfg = Debug|Any CPU
		{A69E2444-1F2E-4826-96D8-7AAF66855FB5}.Debug|Any CPU.Build.0 = Debug|Any CPU
		{A69E2444-1F2E-4826-96D8-7AAF66855FB5}.Debug|Any CPU.Deploy.0 = Debug|Any CPU
		{A69E2444-1F2E-4826-96D8-7AAF66855FB5}.Debug|ARM.ActiveCfg = Debug|Any CPU
		{A69E2444-1F2E-4826-96D8-7AAF66855FB5}.Debug|ARM.Build.0 = Debug|Any CPU
		{A69E2444-1F2E-4826-96D8-7AAF66855FB5}.Debug|ARM.Deploy.0 = Debug|Any CPU
		{A69E2444-1F2E-4826-96D8-7AAF66855FB5}.Debug|iPhone.ActiveCfg = Debug|Any CPU
		{A69E2444-1F2E-4826-96D8-7AAF66855FB5}.Debug|iPhone.Build.0 = Debug|Any CPU
		{A69E2444-1F2E-4826-96D8-7AAF66855FB5}.Debug|iPhoneSimulator.ActiveCfg = Debug|Any CPU
		{A69E2444-1F2E-4826-96D8-7AAF66855FB5}.Debug|iPhoneSimulator.Build.0 = Debug|Any CPU
		{A69E2444-1F2E-4826-96D8-7AAF66855FB5}.Debug|x64.ActiveCfg = Debug|Any CPU
		{A69E2444-1F2E-4826-96D8-7AAF66855FB5}.Debug|x64.Build.0 = Debug|Any CPU
		{A69E2444-1F2E-4826-96D8-7AAF66855FB5}.Debug|x64.Deploy.0 = Debug|Any CPU
		{A69E2444-1F2E-4826-96D8-7AAF66855FB5}.Debug|x86.ActiveCfg = Debug|Any CPU
		{A69E2444-1F2E-4826-96D8-7AAF66855FB5}.Debug|x86.Build.0 = Debug|Any CPU
		{A69E2444-1F2E-4826-96D8-7AAF66855FB5}.Debug|x86.Deploy.0 = Debug|Any CPU
		{A69E2444-1F2E-4826-96D8-7AAF66855FB5}.Release|Any CPU.ActiveCfg = Release|Any CPU
		{A69E2444-1F2E-4826-96D8-7AAF66855FB5}.Release|Any CPU.Build.0 = Release|Any CPU
		{A69E2444-1F2E-4826-96D8-7AAF66855FB5}.Release|ARM.ActiveCfg = Release|Any CPU
		{A69E2444-1F2E-4826-96D8-7AAF66855FB5}.Release|ARM.Build.0 = Release|Any CPU
		{A69E2444-1F2E-4826-96D8-7AAF66855FB5}.Release|ARM.Deploy.0 = Release|Any CPU
		{A69E2444-1F2E-4826-96D8-7AAF66855FB5}.Release|iPhone.ActiveCfg = Release|Any CPU
		{A69E2444-1F2E-4826-96D8-7AAF66855FB5}.Release|iPhone.Build.0 = Release|Any CPU
		{A69E2444-1F2E-4826-96D8-7AAF66855FB5}.Release|iPhoneSimulator.ActiveCfg = Release|Any CPU
		{A69E2444-1F2E-4826-96D8-7AAF66855FB5}.Release|iPhoneSimulator.Build.0 = Release|Any CPU
		{A69E2444-1F2E-4826-96D8-7AAF66855FB5}.Release|x64.ActiveCfg = Release|Any CPU
		{A69E2444-1F2E-4826-96D8-7AAF66855FB5}.Release|x64.Build.0 = Release|Any CPU
		{A69E2444-1F2E-4826-96D8-7AAF66855FB5}.Release|x64.Deploy.0 = Release|Any CPU
		{A69E2444-1F2E-4826-96D8-7AAF66855FB5}.Release|x86.ActiveCfg = Release|Any CPU
		{A69E2444-1F2E-4826-96D8-7AAF66855FB5}.Release|x86.Build.0 = Release|Any CPU
		{A69E2444-1F2E-4826-96D8-7AAF66855FB5}.Release|x86.Deploy.0 = Release|Any CPU
		{671BFB7B-3D98-41EA-A4F2-87A188626636}.AppStore|Any CPU.ActiveCfg = Release|Any CPU
		{671BFB7B-3D98-41EA-A4F2-87A188626636}.AppStore|ARM.ActiveCfg = Release|Any CPU
		{671BFB7B-3D98-41EA-A4F2-87A188626636}.AppStore|iPhone.ActiveCfg = Release|Any CPU
		{671BFB7B-3D98-41EA-A4F2-87A188626636}.AppStore|iPhoneSimulator.ActiveCfg = Release|Any CPU
		{671BFB7B-3D98-41EA-A4F2-87A188626636}.AppStore|x64.ActiveCfg = Release|Any CPU
		{671BFB7B-3D98-41EA-A4F2-87A188626636}.AppStore|x86.ActiveCfg = Debug|Any CPU
		{671BFB7B-3D98-41EA-A4F2-87A188626636}.AppStore|x86.Build.0 = Debug|Any CPU
		{671BFB7B-3D98-41EA-A4F2-87A188626636}.Debug|Any CPU.ActiveCfg = Debug|Any CPU
		{671BFB7B-3D98-41EA-A4F2-87A188626636}.Debug|Any CPU.Build.0 = Debug|Any CPU
		{671BFB7B-3D98-41EA-A4F2-87A188626636}.Debug|ARM.ActiveCfg = Debug|Any CPU
		{671BFB7B-3D98-41EA-A4F2-87A188626636}.Debug|ARM.Build.0 = Debug|Any CPU
		{671BFB7B-3D98-41EA-A4F2-87A188626636}.Debug|iPhone.ActiveCfg = Debug|Any CPU
		{671BFB7B-3D98-41EA-A4F2-87A188626636}.Debug|iPhone.Build.0 = Debug|Any CPU
		{671BFB7B-3D98-41EA-A4F2-87A188626636}.Debug|iPhoneSimulator.ActiveCfg = Debug|Any CPU
		{671BFB7B-3D98-41EA-A4F2-87A188626636}.Debug|iPhoneSimulator.Build.0 = Debug|Any CPU
		{671BFB7B-3D98-41EA-A4F2-87A188626636}.Debug|x64.ActiveCfg = Debug|Any CPU
		{671BFB7B-3D98-41EA-A4F2-87A188626636}.Debug|x64.Build.0 = Debug|Any CPU
		{671BFB7B-3D98-41EA-A4F2-87A188626636}.Debug|x86.ActiveCfg = Debug|Any CPU
		{671BFB7B-3D98-41EA-A4F2-87A188626636}.Debug|x86.Build.0 = Debug|Any CPU
		{671BFB7B-3D98-41EA-A4F2-87A188626636}.Release|Any CPU.ActiveCfg = Release|Any CPU
		{671BFB7B-3D98-41EA-A4F2-87A188626636}.Release|Any CPU.Build.0 = Release|Any CPU
		{671BFB7B-3D98-41EA-A4F2-87A188626636}.Release|ARM.ActiveCfg = Release|Any CPU
		{671BFB7B-3D98-41EA-A4F2-87A188626636}.Release|ARM.Build.0 = Release|Any CPU
		{671BFB7B-3D98-41EA-A4F2-87A188626636}.Release|iPhone.ActiveCfg = Release|Any CPU
		{671BFB7B-3D98-41EA-A4F2-87A188626636}.Release|iPhone.Build.0 = Release|Any CPU
		{671BFB7B-3D98-41EA-A4F2-87A188626636}.Release|iPhoneSimulator.ActiveCfg = Release|Any CPU
		{671BFB7B-3D98-41EA-A4F2-87A188626636}.Release|iPhoneSimulator.Build.0 = Release|Any CPU
		{671BFB7B-3D98-41EA-A4F2-87A188626636}.Release|x64.ActiveCfg = Release|Any CPU
		{671BFB7B-3D98-41EA-A4F2-87A188626636}.Release|x64.Build.0 = Release|Any CPU
		{671BFB7B-3D98-41EA-A4F2-87A188626636}.Release|x86.ActiveCfg = Release|Any CPU
		{671BFB7B-3D98-41EA-A4F2-87A188626636}.Release|x86.Build.0 = Release|Any CPU
		{DF50BC70-AF17-42FD-ACCA-3BBAF9DAE2A0}.AppStore|Any CPU.ActiveCfg = Release|Any CPU
		{DF50BC70-AF17-42FD-ACCA-3BBAF9DAE2A0}.AppStore|Any CPU.Build.0 = Release|Any CPU
		{DF50BC70-AF17-42FD-ACCA-3BBAF9DAE2A0}.AppStore|ARM.ActiveCfg = Release|Any CPU
		{DF50BC70-AF17-42FD-ACCA-3BBAF9DAE2A0}.AppStore|ARM.Build.0 = Release|Any CPU
		{DF50BC70-AF17-42FD-ACCA-3BBAF9DAE2A0}.AppStore|iPhone.ActiveCfg = Release|Any CPU
		{DF50BC70-AF17-42FD-ACCA-3BBAF9DAE2A0}.AppStore|iPhone.Build.0 = Release|Any CPU
		{DF50BC70-AF17-42FD-ACCA-3BBAF9DAE2A0}.AppStore|iPhoneSimulator.ActiveCfg = Release|Any CPU
		{DF50BC70-AF17-42FD-ACCA-3BBAF9DAE2A0}.AppStore|iPhoneSimulator.Build.0 = Release|Any CPU
		{DF50BC70-AF17-42FD-ACCA-3BBAF9DAE2A0}.AppStore|x64.ActiveCfg = Release|Any CPU
		{DF50BC70-AF17-42FD-ACCA-3BBAF9DAE2A0}.AppStore|x64.Build.0 = Release|Any CPU
		{DF50BC70-AF17-42FD-ACCA-3BBAF9DAE2A0}.AppStore|x86.ActiveCfg = Debug|Any CPU
		{DF50BC70-AF17-42FD-ACCA-3BBAF9DAE2A0}.AppStore|x86.Build.0 = Debug|Any CPU
		{DF50BC70-AF17-42FD-ACCA-3BBAF9DAE2A0}.Debug|Any CPU.ActiveCfg = Debug|Any CPU
		{DF50BC70-AF17-42FD-ACCA-3BBAF9DAE2A0}.Debug|Any CPU.Build.0 = Debug|Any CPU
		{DF50BC70-AF17-42FD-ACCA-3BBAF9DAE2A0}.Debug|ARM.ActiveCfg = Debug|Any CPU
		{DF50BC70-AF17-42FD-ACCA-3BBAF9DAE2A0}.Debug|ARM.Build.0 = Debug|Any CPU
		{DF50BC70-AF17-42FD-ACCA-3BBAF9DAE2A0}.Debug|iPhone.ActiveCfg = Debug|Any CPU
		{DF50BC70-AF17-42FD-ACCA-3BBAF9DAE2A0}.Debug|iPhone.Build.0 = Debug|Any CPU
		{DF50BC70-AF17-42FD-ACCA-3BBAF9DAE2A0}.Debug|iPhoneSimulator.ActiveCfg = Debug|Any CPU
		{DF50BC70-AF17-42FD-ACCA-3BBAF9DAE2A0}.Debug|iPhoneSimulator.Build.0 = Debug|Any CPU
		{DF50BC70-AF17-42FD-ACCA-3BBAF9DAE2A0}.Debug|x64.ActiveCfg = Debug|Any CPU
		{DF50BC70-AF17-42FD-ACCA-3BBAF9DAE2A0}.Debug|x64.Build.0 = Debug|Any CPU
		{DF50BC70-AF17-42FD-ACCA-3BBAF9DAE2A0}.Debug|x86.ActiveCfg = Debug|Any CPU
		{DF50BC70-AF17-42FD-ACCA-3BBAF9DAE2A0}.Debug|x86.Build.0 = Debug|Any CPU
		{DF50BC70-AF17-42FD-ACCA-3BBAF9DAE2A0}.Release|Any CPU.ActiveCfg = Release|Any CPU
		{DF50BC70-AF17-42FD-ACCA-3BBAF9DAE2A0}.Release|Any CPU.Build.0 = Release|Any CPU
		{DF50BC70-AF17-42FD-ACCA-3BBAF9DAE2A0}.Release|ARM.ActiveCfg = Release|Any CPU
		{DF50BC70-AF17-42FD-ACCA-3BBAF9DAE2A0}.Release|ARM.Build.0 = Release|Any CPU
		{DF50BC70-AF17-42FD-ACCA-3BBAF9DAE2A0}.Release|iPhone.ActiveCfg = Release|Any CPU
		{DF50BC70-AF17-42FD-ACCA-3BBAF9DAE2A0}.Release|iPhone.Build.0 = Release|Any CPU
		{DF50BC70-AF17-42FD-ACCA-3BBAF9DAE2A0}.Release|iPhoneSimulator.ActiveCfg = Release|Any CPU
		{DF50BC70-AF17-42FD-ACCA-3BBAF9DAE2A0}.Release|iPhoneSimulator.Build.0 = Release|Any CPU
		{DF50BC70-AF17-42FD-ACCA-3BBAF9DAE2A0}.Release|x64.ActiveCfg = Release|Any CPU
		{DF50BC70-AF17-42FD-ACCA-3BBAF9DAE2A0}.Release|x64.Build.0 = Release|Any CPU
		{DF50BC70-AF17-42FD-ACCA-3BBAF9DAE2A0}.Release|x86.ActiveCfg = Release|Any CPU
		{DF50BC70-AF17-42FD-ACCA-3BBAF9DAE2A0}.Release|x86.Build.0 = Release|Any CPU
		{23F0E870-2DA7-47C5-86B2-9DC861CC3616}.AppStore|Any CPU.ActiveCfg = Release|x64
		{23F0E870-2DA7-47C5-86B2-9DC861CC3616}.AppStore|Any CPU.Build.0 = Release|x64
		{23F0E870-2DA7-47C5-86B2-9DC861CC3616}.AppStore|Any CPU.Deploy.0 = Release|x64
		{23F0E870-2DA7-47C5-86B2-9DC861CC3616}.AppStore|ARM.ActiveCfg = Release|ARM
		{23F0E870-2DA7-47C5-86B2-9DC861CC3616}.AppStore|ARM.Build.0 = Release|ARM
		{23F0E870-2DA7-47C5-86B2-9DC861CC3616}.AppStore|ARM.Deploy.0 = Release|ARM
		{23F0E870-2DA7-47C5-86B2-9DC861CC3616}.AppStore|iPhone.ActiveCfg = Release|x64
		{23F0E870-2DA7-47C5-86B2-9DC861CC3616}.AppStore|iPhone.Build.0 = Release|x64
		{23F0E870-2DA7-47C5-86B2-9DC861CC3616}.AppStore|iPhone.Deploy.0 = Release|x64
		{23F0E870-2DA7-47C5-86B2-9DC861CC3616}.AppStore|iPhoneSimulator.ActiveCfg = Release|x64
		{23F0E870-2DA7-47C5-86B2-9DC861CC3616}.AppStore|iPhoneSimulator.Build.0 = Release|x64
		{23F0E870-2DA7-47C5-86B2-9DC861CC3616}.AppStore|iPhoneSimulator.Deploy.0 = Release|x64
		{23F0E870-2DA7-47C5-86B2-9DC861CC3616}.AppStore|x64.ActiveCfg = Release|x64
		{23F0E870-2DA7-47C5-86B2-9DC861CC3616}.AppStore|x64.Build.0 = Release|x64
		{23F0E870-2DA7-47C5-86B2-9DC861CC3616}.AppStore|x64.Deploy.0 = Release|x64
		{23F0E870-2DA7-47C5-86B2-9DC861CC3616}.AppStore|x86.ActiveCfg = Debug|x86
		{23F0E870-2DA7-47C5-86B2-9DC861CC3616}.AppStore|x86.Build.0 = Debug|x86
		{23F0E870-2DA7-47C5-86B2-9DC861CC3616}.Debug|Any CPU.ActiveCfg = Debug|x86
		{23F0E870-2DA7-47C5-86B2-9DC861CC3616}.Debug|ARM.ActiveCfg = Debug|ARM
		{23F0E870-2DA7-47C5-86B2-9DC861CC3616}.Debug|ARM.Build.0 = Debug|ARM
		{23F0E870-2DA7-47C5-86B2-9DC861CC3616}.Debug|ARM.Deploy.0 = Debug|ARM
		{23F0E870-2DA7-47C5-86B2-9DC861CC3616}.Debug|iPhone.ActiveCfg = Debug|x86
		{23F0E870-2DA7-47C5-86B2-9DC861CC3616}.Debug|iPhoneSimulator.ActiveCfg = Debug|x86
		{23F0E870-2DA7-47C5-86B2-9DC861CC3616}.Debug|x64.ActiveCfg = Debug|x64
		{23F0E870-2DA7-47C5-86B2-9DC861CC3616}.Debug|x64.Build.0 = Debug|x64
		{23F0E870-2DA7-47C5-86B2-9DC861CC3616}.Debug|x64.Deploy.0 = Debug|x64
		{23F0E870-2DA7-47C5-86B2-9DC861CC3616}.Debug|x86.ActiveCfg = Debug|x86
		{23F0E870-2DA7-47C5-86B2-9DC861CC3616}.Debug|x86.Build.0 = Debug|x86
		{23F0E870-2DA7-47C5-86B2-9DC861CC3616}.Debug|x86.Deploy.0 = Debug|x86
		{23F0E870-2DA7-47C5-86B2-9DC861CC3616}.Release|Any CPU.ActiveCfg = Release|x86
		{23F0E870-2DA7-47C5-86B2-9DC861CC3616}.Release|ARM.ActiveCfg = Release|ARM
		{23F0E870-2DA7-47C5-86B2-9DC861CC3616}.Release|ARM.Build.0 = Release|ARM
		{23F0E870-2DA7-47C5-86B2-9DC861CC3616}.Release|ARM.Deploy.0 = Release|ARM
		{23F0E870-2DA7-47C5-86B2-9DC861CC3616}.Release|iPhone.ActiveCfg = Release|x86
		{23F0E870-2DA7-47C5-86B2-9DC861CC3616}.Release|iPhoneSimulator.ActiveCfg = Release|x86
		{23F0E870-2DA7-47C5-86B2-9DC861CC3616}.Release|x64.ActiveCfg = Release|x64
		{23F0E870-2DA7-47C5-86B2-9DC861CC3616}.Release|x64.Build.0 = Release|x64
		{23F0E870-2DA7-47C5-86B2-9DC861CC3616}.Release|x64.Deploy.0 = Release|x64
		{23F0E870-2DA7-47C5-86B2-9DC861CC3616}.Release|x86.ActiveCfg = Release|x86
		{23F0E870-2DA7-47C5-86B2-9DC861CC3616}.Release|x86.Build.0 = Release|x86
		{23F0E870-2DA7-47C5-86B2-9DC861CC3616}.Release|x86.Deploy.0 = Release|x86
	EndGlobalSection
	GlobalSection(SolutionProperties) = preSolution
		HideSolutionNode = FALSE
	EndGlobalSection
	GlobalSection(ExtensibilityGlobals) = postSolution
		SolutionGuid = {19FBA7E3-16D7-4A5A-812C-6EEC1EE00C69}
	EndGlobalSection
EndGlobal
