
Microsoft Visual Studio Solution File, Format Version 12.00
# Visual Studio 2012
Project("{FAE04EC0-301F-11D3-BF4B-00C04F79EFBC}") = "ClockApp", "ClockApp\ClockApp.csproj", "{A8DA4421-8394-4FD9-A1B1-C6CC8AFAF047}"
EndProject
Project("{FAE04EC0-301F-11D3-BF4B-00C04F79EFBC}") = "ClockApp.iOS", "iOS\ClockApp.iOS.csproj", "{EF89A71A-B0FB-45DB-A07D-1F6854E78347}"
EndProject
Project("{FAE04EC0-301F-11D3-BF4B-00C04F79EFBC}") = "ClockApp.Droid", "Droid\ClockApp.Droid.csproj", "{A69E2444-1F2E-4826-96D8-7AAF66855FB5}"
EndProject
Project("{FAE04EC0-301F-11D3-BF4B-00C04F79EFBC}") = "ClockApp.MacOS", "ClockApp.MacOS\ClockApp.MacOS.csproj", "{758CC573-61E8-427C-9B9E-75E2C492AE75}"
EndProject
Project("{FAE04EC0-301F-11D3-BF4B-00C04F79EFBC}") = "ClockApp.MacOSStoryBoardLess", "ClockApp.MacOSStoryBoardLess\ClockApp.MacOSStoryBoardLess.csproj", "{90E6F5D0-ECB5-42A2-94FA-2EF1B857FB28}"
EndProject
Project("{FAE04EC0-301F-11D3-BF4B-00C04F79EFBC}") = "ClockApp.MacOsS", "ClockApp.MacOsS\ClockApp.MacOsS.csproj", "{4D5B6C74-76AD-463B-9875-3FAB8B5ADF23}"
EndProject
Project("{FAE04EC0-301F-11D3-BF4B-00C04F79EFBC}") = "ClockApp.Mac16", "ClockApp.Mac16\ClockApp.Mac16.csproj", "{671BFB7B-3D98-41EA-A4F2-87A188626636}"
EndProject
Global
	GlobalSection(SolutionConfigurationPlatforms) = preSolution
		Debug|Any CPU = Debug|Any CPU
		Release|Any CPU = Release|Any CPU
		Debug|iPhoneSimulator = Debug|iPhoneSimulator
		Release|iPhone = Release|iPhone
		Release|iPhoneSimulator = Release|iPhoneSimulator
		Debug|iPhone = Debug|iPhone
	EndGlobalSection
	GlobalSection(ProjectConfigurationPlatforms) = postSolution
		{A8DA4421-8394-4FD9-A1B1-C6CC8AFAF047}.Debug|Any CPU.ActiveCfg = Debug|Any CPU
		{A8DA4421-8394-4FD9-A1B1-C6CC8AFAF047}.Debug|Any CPU.Build.0 = Debug|Any CPU
		{A8DA4421-8394-4FD9-A1B1-C6CC8AFAF047}.Release|Any CPU.ActiveCfg = Release|Any CPU
		{A8DA4421-8394-4FD9-A1B1-C6CC8AFAF047}.Release|Any CPU.Build.0 = Release|Any CPU
		{A8DA4421-8394-4FD9-A1B1-C6CC8AFAF047}.Debug|iPhoneSimulator.ActiveCfg = Debug|Any CPU
		{A8DA4421-8394-4FD9-A1B1-C6CC8AFAF047}.Debug|iPhoneSimulator.Build.0 = Debug|Any CPU
		{A8DA4421-8394-4FD9-A1B1-C6CC8AFAF047}.Release|iPhone.ActiveCfg = Release|Any CPU
		{A8DA4421-8394-4FD9-A1B1-C6CC8AFAF047}.Release|iPhone.Build.0 = Release|Any CPU
		{A8DA4421-8394-4FD9-A1B1-C6CC8AFAF047}.Release|iPhoneSimulator.ActiveCfg = Release|Any CPU
		{A8DA4421-8394-4FD9-A1B1-C6CC8AFAF047}.Release|iPhoneSimulator.Build.0 = Release|Any CPU
		{A8DA4421-8394-4FD9-A1B1-C6CC8AFAF047}.Debug|iPhone.ActiveCfg = Debug|Any CPU
		{A8DA4421-8394-4FD9-A1B1-C6CC8AFAF047}.Debug|iPhone.Build.0 = Debug|Any CPU
		{EF89A71A-B0FB-45DB-A07D-1F6854E78347}.Debug|Any CPU.ActiveCfg = Debug|iPhoneSimulator
		{EF89A71A-B0FB-45DB-A07D-1F6854E78347}.Debug|Any CPU.Build.0 = Debug|iPhoneSimulator
		{EF89A71A-B0FB-45DB-A07D-1F6854E78347}.Release|Any CPU.ActiveCfg = Release|iPhone
		{EF89A71A-B0FB-45DB-A07D-1F6854E78347}.Release|Any CPU.Build.0 = Release|iPhone
		{EF89A71A-B0FB-45DB-A07D-1F6854E78347}.Debug|iPhoneSimulator.ActiveCfg = Debug|iPhoneSimulator
		{EF89A71A-B0FB-45DB-A07D-1F6854E78347}.Debug|iPhoneSimulator.Build.0 = Debug|iPhoneSimulator
		{EF89A71A-B0FB-45DB-A07D-1F6854E78347}.Release|iPhone.ActiveCfg = Release|iPhone
		{EF89A71A-B0FB-45DB-A07D-1F6854E78347}.Release|iPhone.Build.0 = Release|iPhone
		{EF89A71A-B0FB-45DB-A07D-1F6854E78347}.Release|iPhoneSimulator.ActiveCfg = Release|iPhoneSimulator
		{EF89A71A-B0FB-45DB-A07D-1F6854E78347}.Release|iPhoneSimulator.Build.0 = Release|iPhoneSimulator
		{EF89A71A-B0FB-45DB-A07D-1F6854E78347}.Debug|iPhone.ActiveCfg = Debug|iPhone
		{EF89A71A-B0FB-45DB-A07D-1F6854E78347}.Debug|iPhone.Build.0 = Debug|iPhone
		{A69E2444-1F2E-4826-96D8-7AAF66855FB5}.Debug|Any CPU.ActiveCfg = Debug|Any CPU
		{A69E2444-1F2E-4826-96D8-7AAF66855FB5}.Debug|Any CPU.Build.0 = Debug|Any CPU
		{A69E2444-1F2E-4826-96D8-7AAF66855FB5}.Release|Any CPU.ActiveCfg = Release|Any CPU
		{A69E2444-1F2E-4826-96D8-7AAF66855FB5}.Release|Any CPU.Build.0 = Release|Any CPU
		{A69E2444-1F2E-4826-96D8-7AAF66855FB5}.Debug|iPhoneSimulator.ActiveCfg = Debug|Any CPU
		{A69E2444-1F2E-4826-96D8-7AAF66855FB5}.Debug|iPhoneSimulator.Build.0 = Debug|Any CPU
		{A69E2444-1F2E-4826-96D8-7AAF66855FB5}.Release|iPhone.ActiveCfg = Release|Any CPU
		{A69E2444-1F2E-4826-96D8-7AAF66855FB5}.Release|iPhone.Build.0 = Release|Any CPU
		{A69E2444-1F2E-4826-96D8-7AAF66855FB5}.Release|iPhoneSimulator.ActiveCfg = Release|Any CPU
		{A69E2444-1F2E-4826-96D8-7AAF66855FB5}.Release|iPhoneSimulator.Build.0 = Release|Any CPU
		{A69E2444-1F2E-4826-96D8-7AAF66855FB5}.Debug|iPhone.ActiveCfg = Debug|Any CPU
		{A69E2444-1F2E-4826-96D8-7AAF66855FB5}.Debug|iPhone.Build.0 = Debug|Any CPU
		{758CC573-61E8-427C-9B9E-75E2C492AE75}.Debug|Any CPU.ActiveCfg = Debug|Any CPU
		{758CC573-61E8-427C-9B9E-75E2C492AE75}.Debug|Any CPU.Build.0 = Debug|Any CPU
		{758CC573-61E8-427C-9B9E-75E2C492AE75}.Release|Any CPU.ActiveCfg = Release|Any CPU
		{758CC573-61E8-427C-9B9E-75E2C492AE75}.Release|Any CPU.Build.0 = Release|Any CPU
		{758CC573-61E8-427C-9B9E-75E2C492AE75}.Debug|iPhoneSimulator.ActiveCfg = Debug|Any CPU
		{758CC573-61E8-427C-9B9E-75E2C492AE75}.Debug|iPhoneSimulator.Build.0 = Debug|Any CPU
		{758CC573-61E8-427C-9B9E-75E2C492AE75}.Release|iPhone.ActiveCfg = Release|Any CPU
		{758CC573-61E8-427C-9B9E-75E2C492AE75}.Release|iPhone.Build.0 = Release|Any CPU
		{758CC573-61E8-427C-9B9E-75E2C492AE75}.Release|iPhoneSimulator.ActiveCfg = Release|Any CPU
		{758CC573-61E8-427C-9B9E-75E2C492AE75}.Release|iPhoneSimulator.Build.0 = Release|Any CPU
		{758CC573-61E8-427C-9B9E-75E2C492AE75}.Debug|iPhone.ActiveCfg = Debug|Any CPU
		{758CC573-61E8-427C-9B9E-75E2C492AE75}.Debug|iPhone.Build.0 = Debug|Any CPU
		{90E6F5D0-ECB5-42A2-94FA-2EF1B857FB28}.Debug|Any CPU.ActiveCfg = Debug|Any CPU
		{90E6F5D0-ECB5-42A2-94FA-2EF1B857FB28}.Debug|Any CPU.Build.0 = Debug|Any CPU
		{90E6F5D0-ECB5-42A2-94FA-2EF1B857FB28}.Release|Any CPU.ActiveCfg = Release|Any CPU
		{90E6F5D0-ECB5-42A2-94FA-2EF1B857FB28}.Release|Any CPU.Build.0 = Release|Any CPU
		{90E6F5D0-ECB5-42A2-94FA-2EF1B857FB28}.Debug|iPhoneSimulator.ActiveCfg = Debug|Any CPU
		{90E6F5D0-ECB5-42A2-94FA-2EF1B857FB28}.Debug|iPhoneSimulator.Build.0 = Debug|Any CPU
		{90E6F5D0-ECB5-42A2-94FA-2EF1B857FB28}.Release|iPhone.ActiveCfg = Release|Any CPU
		{90E6F5D0-ECB5-42A2-94FA-2EF1B857FB28}.Release|iPhone.Build.0 = Release|Any CPU
		{90E6F5D0-ECB5-42A2-94FA-2EF1B857FB28}.Release|iPhoneSimulator.ActiveCfg = Release|Any CPU
		{90E6F5D0-ECB5-42A2-94FA-2EF1B857FB28}.Release|iPhoneSimulator.Build.0 = Release|Any CPU
		{90E6F5D0-ECB5-42A2-94FA-2EF1B857FB28}.Debug|iPhone.ActiveCfg = Debug|Any CPU
		{90E6F5D0-ECB5-42A2-94FA-2EF1B857FB28}.Debug|iPhone.Build.0 = Debug|Any CPU
		{4D5B6C74-76AD-463B-9875-3FAB8B5ADF23}.Debug|Any CPU.ActiveCfg = Debug|Any CPU
		{4D5B6C74-76AD-463B-9875-3FAB8B5ADF23}.Debug|Any CPU.Build.0 = Debug|Any CPU
		{4D5B6C74-76AD-463B-9875-3FAB8B5ADF23}.Release|Any CPU.ActiveCfg = Release|Any CPU
		{4D5B6C74-76AD-463B-9875-3FAB8B5ADF23}.Release|Any CPU.Build.0 = Release|Any CPU
		{4D5B6C74-76AD-463B-9875-3FAB8B5ADF23}.Debug|iPhoneSimulator.ActiveCfg = Debug|Any CPU
		{4D5B6C74-76AD-463B-9875-3FAB8B5ADF23}.Debug|iPhoneSimulator.Build.0 = Debug|Any CPU
		{4D5B6C74-76AD-463B-9875-3FAB8B5ADF23}.Release|iPhone.ActiveCfg = Release|Any CPU
		{4D5B6C74-76AD-463B-9875-3FAB8B5ADF23}.Release|iPhone.Build.0 = Release|Any CPU
		{4D5B6C74-76AD-463B-9875-3FAB8B5ADF23}.Release|iPhoneSimulator.ActiveCfg = Release|Any CPU
		{4D5B6C74-76AD-463B-9875-3FAB8B5ADF23}.Release|iPhoneSimulator.Build.0 = Release|Any CPU
		{4D5B6C74-76AD-463B-9875-3FAB8B5ADF23}.Debug|iPhone.ActiveCfg = Debug|Any CPU
		{4D5B6C74-76AD-463B-9875-3FAB8B5ADF23}.Debug|iPhone.Build.0 = Debug|Any CPU
		{671BFB7B-3D98-41EA-A4F2-87A188626636}.Debug|Any CPU.ActiveCfg = Debug|Any CPU
		{671BFB7B-3D98-41EA-A4F2-87A188626636}.Debug|Any CPU.Build.0 = Debug|Any CPU
		{671BFB7B-3D98-41EA-A4F2-87A188626636}.Release|Any CPU.ActiveCfg = Release|Any CPU
		{671BFB7B-3D98-41EA-A4F2-87A188626636}.Release|Any CPU.Build.0 = Release|Any CPU
		{671BFB7B-3D98-41EA-A4F2-87A188626636}.Debug|iPhoneSimulator.ActiveCfg = Debug|Any CPU
		{671BFB7B-3D98-41EA-A4F2-87A188626636}.Debug|iPhoneSimulator.Build.0 = Debug|Any CPU
		{671BFB7B-3D98-41EA-A4F2-87A188626636}.Release|iPhone.ActiveCfg = Release|Any CPU
		{671BFB7B-3D98-41EA-A4F2-87A188626636}.Release|iPhone.Build.0 = Release|Any CPU
		{671BFB7B-3D98-41EA-A4F2-87A188626636}.Release|iPhoneSimulator.ActiveCfg = Release|Any CPU
		{671BFB7B-3D98-41EA-A4F2-87A188626636}.Release|iPhoneSimulator.Build.0 = Release|Any CPU
		{671BFB7B-3D98-41EA-A4F2-87A188626636}.Debug|iPhone.ActiveCfg = Debug|Any CPU
		{671BFB7B-3D98-41EA-A4F2-87A188626636}.Debug|iPhone.Build.0 = Debug|Any CPU
	EndGlobalSection
EndGlobal
