Microsoft Visual Studio Solution File, Format Version 12.00
# Visual Studio 15
VisualStudioVersion = 15.0.27130.2036
MinimumVisualStudioVersion = 10.0.40219.1
Project("{FAE04EC0-301F-11D3-BF4B-00C04F79EFBC}") = "ClockApp.Core.Forms", "ClockApp\ClockApp.Core.Forms.csproj", "{A8DA4421-8394-4FD9-A1B1-C6CC8AFAF047}"
EndProject
Project("{FAE04EC0-301F-11D3-BF4B-00C04F79EFBC}") = "ClockApp.iOS", "iOS\ClockApp.iOS.csproj", "{EF89A71A-B0FB-45DB-A07D-1F6854E78347}"
EndProject
Project("{FAE04EC0-301F-11D3-BF4B-00C04F79EFBC}") = "ClockApp.Droid", "Droid\ClockApp.Droid.csproj", "{A69E2444-1F2E-4826-96D8-7AAF66855FB5}"
EndProject
Project("{FAE04EC0-301F-11D3-BF4B-00C04F79EFBC}") = "ClockApp.Mac16", "ClockApp.Mac16\ClockApp.Mac16.csproj", "{671BFB7B-3D98-41EA-A4F2-87A188626636}"
EndProject
Project("{FAE04EC0-301F-11D3-BF4B-00C04F79EFBC}") = "ClockApp.Core", "ClockApp.Core\ClockApp.Core.csproj", "{A27BB825-1081-47F5-B3B8-FF502C8E3CDA}"
EndProject
Project("{FAE04EC0-301F-11D3-BF4B-00C04F79EFBC}") = "ClockApp.WPF", "ClockApp.WPF\ClockApp.WPF.csproj", "{DF50BC70-AF17-42FD-ACCA-3BBAF9DAE2A0}"
EndProject
Project("{9344BDBB-3E7F-41FC-A0DD-8665D75EE146}") = "ClockApp.UWP", "ClockApp.UWP\ClockApp.UWP.csproj", "{310A98FF-AF04-427C-995E-254ED238EE37}"
EndProject
Global
	GlobalSection(SolutionConfigurationPlatforms) = preSolution
		Debug|Any CPU = Debug|Any CPU
		Debug|ARM = Debug|ARM
		Debug|iPhone = Debug|iPhone
		Debug|iPhoneSimulator = Debug|iPhoneSimulator
		Debug|x64 = Debug|x64
		Debug|x86 = Debug|x86
		Release|Any CPU = Release|Any CPU
		Release|ARM = Release|ARM
		Release|iPhone = Release|iPhone
		Release|iPhoneSimulator = Release|iPhoneSimulator
		Release|x64 = Release|x64
		Release|x86 = Release|x86
	EndGlobalSection
	GlobalSection(ProjectConfigurationPlatforms) = postSolution
		{A8DA4421-8394-4FD9-A1B1-C6CC8AFAF047}.Debug|Any CPU.ActiveCfg = Debug|Any CPU
		{A8DA4421-8394-4FD9-A1B1-C6CC8AFAF047}.Debug|Any CPU.Build.0 = Debug|Any CPU
		{A8DA4421-8394-4FD9-A1B1-C6CC8AFAF047}.Debug|ARM.ActiveCfg = Debug|Any CPU
		{A8DA4421-8394-4FD9-A1B1-C6CC8AFAF047}.Debug|ARM.Build.0 = Debug|Any CPU
		{A8DA4421-8394-4FD9-A1B1-C6CC8AFAF047}.Debug|iPhone.ActiveCfg = Debug|Any CPU
		{A8DA4421-8394-4FD9-A1B1-C6CC8AFAF047}.Debug|iPhone.Build.0 = Debug|Any CPU
		{A8DA4421-8394-4FD9-A1B1-C6CC8AFAF047}.Debug|iPhoneSimulator.ActiveCfg = Debug|Any CPU
		{A8DA4421-8394-4FD9-A1B1-C6CC8AFAF047}.Debug|iPhoneSimulator.Build.0 = Debug|Any CPU
		{A8DA4421-8394-4FD9-A1B1-C6CC8AFAF047}.Debug|x64.ActiveCfg = Debug|Any CPU
		{A8DA4421-8394-4FD9-A1B1-C6CC8AFAF047}.Debug|x64.Build.0 = Debug|Any CPU
		{A8DA4421-8394-4FD9-A1B1-C6CC8AFAF047}.Debug|x86.ActiveCfg = Debug|Any CPU
		{A8DA4421-8394-4FD9-A1B1-C6CC8AFAF047}.Debug|x86.Build.0 = Debug|Any CPU
		{A8DA4421-8394-4FD9-A1B1-C6CC8AFAF047}.Release|Any CPU.ActiveCfg = Release|Any CPU
		{A8DA4421-8394-4FD9-A1B1-C6CC8AFAF047}.Release|Any CPU.Build.0 = Release|Any CPU
		{A8DA4421-8394-4FD9-A1B1-C6CC8AFAF047}.Release|ARM.ActiveCfg = Release|Any CPU
		{A8DA4421-8394-4FD9-A1B1-C6CC8AFAF047}.Release|ARM.Build.0 = Release|Any CPU
		{A8DA4421-8394-4FD9-A1B1-C6CC8AFAF047}.Release|iPhone.ActiveCfg = Release|Any CPU
		{A8DA4421-8394-4FD9-A1B1-C6CC8AFAF047}.Release|iPhone.Build.0 = Release|Any CPU
		{A8DA4421-8394-4FD9-A1B1-C6CC8AFAF047}.Release|iPhoneSimulator.ActiveCfg = Release|Any CPU
		{A8DA4421-8394-4FD9-A1B1-C6CC8AFAF047}.Release|iPhoneSimulator.Build.0 = Release|Any CPU
		{A8DA4421-8394-4FD9-A1B1-C6CC8AFAF047}.Release|x64.ActiveCfg = Release|Any CPU
		{A8DA4421-8394-4FD9-A1B1-C6CC8AFAF047}.Release|x64.Build.0 = Release|Any CPU
		{A8DA4421-8394-4FD9-A1B1-C6CC8AFAF047}.Release|x86.ActiveCfg = Release|Any CPU
		{A8DA4421-8394-4FD9-A1B1-C6CC8AFAF047}.Release|x86.Build.0 = Release|Any CPU
		{EF89A71A-B0FB-45DB-A07D-1F6854E78347}.Debug|Any CPU.ActiveCfg = Debug|iPhoneSimulator
		{EF89A71A-B0FB-45DB-A07D-1F6854E78347}.Debug|Any CPU.Build.0 = Debug|iPhoneSimulator
		{EF89A71A-B0FB-45DB-A07D-1F6854E78347}.Debug|ARM.ActiveCfg = Debug|iPhone
		{EF89A71A-B0FB-45DB-A07D-1F6854E78347}.Debug|iPhone.ActiveCfg = Debug|iPhone
		{EF89A71A-B0FB-45DB-A07D-1F6854E78347}.Debug|iPhone.Build.0 = Debug|iPhone
		{EF89A71A-B0FB-45DB-A07D-1F6854E78347}.Debug|iPhoneSimulator.ActiveCfg = Debug|iPhoneSimulator
		{EF89A71A-B0FB-45DB-A07D-1F6854E78347}.Debug|iPhoneSimulator.Build.0 = Debug|iPhoneSimulator
		{EF89A71A-B0FB-45DB-A07D-1F6854E78347}.Debug|x64.ActiveCfg = Debug|iPhone
		{EF89A71A-B0FB-45DB-A07D-1F6854E78347}.Debug|x86.ActiveCfg = Debug|iPhone
		{EF89A71A-B0FB-45DB-A07D-1F6854E78347}.Release|Any CPU.ActiveCfg = Release|iPhone
		{EF89A71A-B0FB-45DB-A07D-1F6854E78347}.Release|Any CPU.Build.0 = Release|iPhone
		{EF89A71A-B0FB-45DB-A07D-1F6854E78347}.Release|ARM.ActiveCfg = Release|iPhoneSimulator
		{EF89A71A-B0FB-45DB-A07D-1F6854E78347}.Release|iPhone.ActiveCfg = Release|iPhone
		{EF89A71A-B0FB-45DB-A07D-1F6854E78347}.Release|iPhone.Build.0 = Release|iPhone
		{EF89A71A-B0FB-45DB-A07D-1F6854E78347}.Release|iPhoneSimulator.ActiveCfg = Release|iPhoneSimulator
		{EF89A71A-B0FB-45DB-A07D-1F6854E78347}.Release|iPhoneSimulator.Build.0 = Release|iPhoneSimulator
		{EF89A71A-B0FB-45DB-A07D-1F6854E78347}.Release|x64.ActiveCfg = Release|iPhoneSimulator
		{EF89A71A-B0FB-45DB-A07D-1F6854E78347}.Release|x86.ActiveCfg = Release|iPhoneSimulator
		{A69E2444-1F2E-4826-96D8-7AAF66855FB5}.Debug|Any CPU.ActiveCfg = Debug|Any CPU
		{A69E2444-1F2E-4826-96D8-7AAF66855FB5}.Debug|Any CPU.Build.0 = Debug|Any CPU
		{A69E2444-1F2E-4826-96D8-7AAF66855FB5}.Debug|Any CPU.Deploy.0 = Debug|Any CPU
		{A69E2444-1F2E-4826-96D8-7AAF66855FB5}.Debug|ARM.ActiveCfg = Debug|Any CPU
		{A69E2444-1F2E-4826-96D8-7AAF66855FB5}.Debug|ARM.Build.0 = Debug|Any CPU
		{A69E2444-1F2E-4826-96D8-7AAF66855FB5}.Debug|ARM.Deploy.0 = Debug|Any CPU
		{A69E2444-1F2E-4826-96D8-7AAF66855FB5}.Debug|iPhone.ActiveCfg = Debug|Any CPU
		{A69E2444-1F2E-4826-96D8-7AAF66855FB5}.Debug|iPhone.Build.0 = Debug|Any CPU
		{A69E2444-1F2E-4826-96D8-7AAF66855FB5}.Debug|iPhoneSimulator.ActiveCfg = Debug|Any CPU
		{A69E2444-1F2E-4826-96D8-7AAF66855FB5}.Debug|iPhoneSimulator.Build.0 = Debug|Any CPU
		{A69E2444-1F2E-4826-96D8-7AAF66855FB5}.Debug|x64.ActiveCfg = Debug|Any CPU
		{A69E2444-1F2E-4826-96D8-7AAF66855FB5}.Debug|x64.Build.0 = Debug|Any CPU
		{A69E2444-1F2E-4826-96D8-7AAF66855FB5}.Debug|x64.Deploy.0 = Debug|Any CPU
		{A69E2444-1F2E-4826-96D8-7AAF66855FB5}.Debug|x86.ActiveCfg = Debug|Any CPU
		{A69E2444-1F2E-4826-96D8-7AAF66855FB5}.Debug|x86.Build.0 = Debug|Any CPU
		{A69E2444-1F2E-4826-96D8-7AAF66855FB5}.Debug|x86.Deploy.0 = Debug|Any CPU
		{A69E2444-1F2E-4826-96D8-7AAF66855FB5}.Release|Any CPU.ActiveCfg = Release|Any CPU
		{A69E2444-1F2E-4826-96D8-7AAF66855FB5}.Release|Any CPU.Build.0 = Release|Any CPU
		{A69E2444-1F2E-4826-96D8-7AAF66855FB5}.Release|ARM.ActiveCfg = Release|Any CPU
		{A69E2444-1F2E-4826-96D8-7AAF66855FB5}.Release|ARM.Build.0 = Release|Any CPU
		{A69E2444-1F2E-4826-96D8-7AAF66855FB5}.Release|ARM.Deploy.0 = Release|Any CPU
		{A69E2444-1F2E-4826-96D8-7AAF66855FB5}.Release|iPhone.ActiveCfg = Release|Any CPU
		{A69E2444-1F2E-4826-96D8-7AAF66855FB5}.Release|iPhone.Build.0 = Release|Any CPU
		{A69E2444-1F2E-4826-96D8-7AAF66855FB5}.Release|iPhoneSimulator.ActiveCfg = Release|Any CPU
		{A69E2444-1F2E-4826-96D8-7AAF66855FB5}.Release|iPhoneSimulator.Build.0 = Release|Any CPU
		{A69E2444-1F2E-4826-96D8-7AAF66855FB5}.Release|x64.ActiveCfg = Release|Any CPU
		{A69E2444-1F2E-4826-96D8-7AAF66855FB5}.Release|x64.Build.0 = Release|Any CPU
		{A69E2444-1F2E-4826-96D8-7AAF66855FB5}.Release|x64.Deploy.0 = Release|Any CPU
		{A69E2444-1F2E-4826-96D8-7AAF66855FB5}.Release|x86.ActiveCfg = Release|Any CPU
		{A69E2444-1F2E-4826-96D8-7AAF66855FB5}.Release|x86.Build.0 = Release|Any CPU
		{A69E2444-1F2E-4826-96D8-7AAF66855FB5}.Release|x86.Deploy.0 = Release|Any CPU
		{671BFB7B-3D98-41EA-A4F2-87A188626636}.Debug|Any CPU.ActiveCfg = Debug|Any CPU
		{671BFB7B-3D98-41EA-A4F2-87A188626636}.Debug|Any CPU.Build.0 = Debug|Any CPU
		{671BFB7B-3D98-41EA-A4F2-87A188626636}.Debug|ARM.ActiveCfg = Debug|Any CPU
		{671BFB7B-3D98-41EA-A4F2-87A188626636}.Debug|ARM.Build.0 = Debug|Any CPU
		{671BFB7B-3D98-41EA-A4F2-87A188626636}.Debug|iPhone.ActiveCfg = Debug|Any CPU
		{671BFB7B-3D98-41EA-A4F2-87A188626636}.Debug|iPhone.Build.0 = Debug|Any CPU
		{671BFB7B-3D98-41EA-A4F2-87A188626636}.Debug|iPhoneSimulator.ActiveCfg = Debug|Any CPU
		{671BFB7B-3D98-41EA-A4F2-87A188626636}.Debug|iPhoneSimulator.Build.0 = Debug|Any CPU
		{671BFB7B-3D98-41EA-A4F2-87A188626636}.Debug|x64.ActiveCfg = Debug|Any CPU
		{671BFB7B-3D98-41EA-A4F2-87A188626636}.Debug|x64.Build.0 = Debug|Any CPU
		{671BFB7B-3D98-41EA-A4F2-87A188626636}.Debug|x86.ActiveCfg = Debug|Any CPU
		{671BFB7B-3D98-41EA-A4F2-87A188626636}.Debug|x86.Build.0 = Debug|Any CPU
		{671BFB7B-3D98-41EA-A4F2-87A188626636}.Release|Any CPU.ActiveCfg = Release|Any CPU
		{671BFB7B-3D98-41EA-A4F2-87A188626636}.Release|Any CPU.Build.0 = Release|Any CPU
		{671BFB7B-3D98-41EA-A4F2-87A188626636}.Release|ARM.ActiveCfg = Release|Any CPU
		{671BFB7B-3D98-41EA-A4F2-87A188626636}.Release|ARM.Build.0 = Release|Any CPU
		{671BFB7B-3D98-41EA-A4F2-87A188626636}.Release|iPhone.ActiveCfg = Release|Any CPU
		{671BFB7B-3D98-41EA-A4F2-87A188626636}.Release|iPhone.Build.0 = Release|Any CPU
		{671BFB7B-3D98-41EA-A4F2-87A188626636}.Release|iPhoneSimulator.ActiveCfg = Release|Any CPU
		{671BFB7B-3D98-41EA-A4F2-87A188626636}.Release|iPhoneSimulator.Build.0 = Release|Any CPU
		{671BFB7B-3D98-41EA-A4F2-87A188626636}.Release|x64.ActiveCfg = Release|Any CPU
		{671BFB7B-3D98-41EA-A4F2-87A188626636}.Release|x64.Build.0 = Release|Any CPU
		{671BFB7B-3D98-41EA-A4F2-87A188626636}.Release|x86.ActiveCfg = Release|Any CPU
		{671BFB7B-3D98-41EA-A4F2-87A188626636}.Release|x86.Build.0 = Release|Any CPU
		{A27BB825-1081-47F5-B3B8-FF502C8E3CDA}.Debug|Any CPU.ActiveCfg = Debug|Any CPU
		{A27BB825-1081-47F5-B3B8-FF502C8E3CDA}.Debug|Any CPU.Build.0 = Debug|Any CPU
		{A27BB825-1081-47F5-B3B8-FF502C8E3CDA}.Debug|ARM.ActiveCfg = Debug|Any CPU
		{A27BB825-1081-47F5-B3B8-FF502C8E3CDA}.Debug|ARM.Build.0 = Debug|Any CPU
		{A27BB825-1081-47F5-B3B8-FF502C8E3CDA}.Debug|iPhone.ActiveCfg = Debug|Any CPU
		{A27BB825-1081-47F5-B3B8-FF502C8E3CDA}.Debug|iPhone.Build.0 = Debug|Any CPU
		{A27BB825-1081-47F5-B3B8-FF502C8E3CDA}.Debug|iPhoneSimulator.ActiveCfg = Debug|Any CPU
		{A27BB825-1081-47F5-B3B8-FF502C8E3CDA}.Debug|iPhoneSimulator.Build.0 = Debug|Any CPU
		{A27BB825-1081-47F5-B3B8-FF502C8E3CDA}.Debug|x64.ActiveCfg = Debug|Any CPU
		{A27BB825-1081-47F5-B3B8-FF502C8E3CDA}.Debug|x64.Build.0 = Debug|Any CPU
		{A27BB825-1081-47F5-B3B8-FF502C8E3CDA}.Debug|x86.ActiveCfg = Debug|Any CPU
		{A27BB825-1081-47F5-B3B8-FF502C8E3CDA}.Debug|x86.Build.0 = Debug|Any CPU
		{A27BB825-1081-47F5-B3B8-FF502C8E3CDA}.Release|Any CPU.ActiveCfg = Release|Any CPU
		{A27BB825-1081-47F5-B3B8-FF502C8E3CDA}.Release|Any CPU.Build.0 = Release|Any CPU
		{A27BB825-1081-47F5-B3B8-FF502C8E3CDA}.Release|ARM.ActiveCfg = Release|Any CPU
		{A27BB825-1081-47F5-B3B8-FF502C8E3CDA}.Release|ARM.Build.0 = Release|Any CPU
		{A27BB825-1081-47F5-B3B8-FF502C8E3CDA}.Release|iPhone.ActiveCfg = Release|Any CPU
		{A27BB825-1081-47F5-B3B8-FF502C8E3CDA}.Release|iPhone.Build.0 = Release|Any CPU
		{A27BB825-1081-47F5-B3B8-FF502C8E3CDA}.Release|iPhoneSimulator.ActiveCfg = Release|Any CPU
		{A27BB825-1081-47F5-B3B8-FF502C8E3CDA}.Release|iPhoneSimulator.Build.0 = Release|Any CPU
		{A27BB825-1081-47F5-B3B8-FF502C8E3CDA}.Release|x64.ActiveCfg = Release|Any CPU
		{A27BB825-1081-47F5-B3B8-FF502C8E3CDA}.Release|x64.Build.0 = Release|Any CPU
		{A27BB825-1081-47F5-B3B8-FF502C8E3CDA}.Release|x86.ActiveCfg = Release|Any CPU
		{A27BB825-1081-47F5-B3B8-FF502C8E3CDA}.Release|x86.Build.0 = Release|Any CPU
		{DF50BC70-AF17-42FD-ACCA-3BBAF9DAE2A0}.Debug|Any CPU.ActiveCfg = Debug|Any CPU
		{DF50BC70-AF17-42FD-ACCA-3BBAF9DAE2A0}.Debug|Any CPU.Build.0 = Debug|Any CPU
		{DF50BC70-AF17-42FD-ACCA-3BBAF9DAE2A0}.Debug|ARM.ActiveCfg = Debug|Any CPU
		{DF50BC70-AF17-42FD-ACCA-3BBAF9DAE2A0}.Debug|ARM.Build.0 = Debug|Any CPU
		{DF50BC70-AF17-42FD-ACCA-3BBAF9DAE2A0}.Debug|iPhone.ActiveCfg = Debug|Any CPU
		{DF50BC70-AF17-42FD-ACCA-3BBAF9DAE2A0}.Debug|iPhone.Build.0 = Debug|Any CPU
		{DF50BC70-AF17-42FD-ACCA-3BBAF9DAE2A0}.Debug|iPhoneSimulator.ActiveCfg = Debug|Any CPU
		{DF50BC70-AF17-42FD-ACCA-3BBAF9DAE2A0}.Debug|iPhoneSimulator.Build.0 = Debug|Any CPU
		{DF50BC70-AF17-42FD-ACCA-3BBAF9DAE2A0}.Debug|x64.ActiveCfg = Debug|Any CPU
		{DF50BC70-AF17-42FD-ACCA-3BBAF9DAE2A0}.Debug|x64.Build.0 = Debug|Any CPU
		{DF50BC70-AF17-42FD-ACCA-3BBAF9DAE2A0}.Debug|x86.ActiveCfg = Debug|Any CPU
		{DF50BC70-AF17-42FD-ACCA-3BBAF9DAE2A0}.Debug|x86.Build.0 = Debug|Any CPU
		{DF50BC70-AF17-42FD-ACCA-3BBAF9DAE2A0}.Release|Any CPU.ActiveCfg = Release|Any CPU
		{DF50BC70-AF17-42FD-ACCA-3BBAF9DAE2A0}.Release|Any CPU.Build.0 = Release|Any CPU
		{DF50BC70-AF17-42FD-ACCA-3BBAF9DAE2A0}.Release|ARM.ActiveCfg = Release|Any CPU
		{DF50BC70-AF17-42FD-ACCA-3BBAF9DAE2A0}.Release|ARM.Build.0 = Release|Any CPU
		{DF50BC70-AF17-42FD-ACCA-3BBAF9DAE2A0}.Release|iPhone.ActiveCfg = Release|Any CPU
		{DF50BC70-AF17-42FD-ACCA-3BBAF9DAE2A0}.Release|iPhone.Build.0 = Release|Any CPU
		{DF50BC70-AF17-42FD-ACCA-3BBAF9DAE2A0}.Release|iPhoneSimulator.ActiveCfg = Release|Any CPU
		{DF50BC70-AF17-42FD-ACCA-3BBAF9DAE2A0}.Release|iPhoneSimulator.Build.0 = Release|Any CPU
		{DF50BC70-AF17-42FD-ACCA-3BBAF9DAE2A0}.Release|x64.ActiveCfg = Release|Any CPU
		{DF50BC70-AF17-42FD-ACCA-3BBAF9DAE2A0}.Release|x64.Build.0 = Release|Any CPU
		{DF50BC70-AF17-42FD-ACCA-3BBAF9DAE2A0}.Release|x86.ActiveCfg = Release|Any CPU
		{DF50BC70-AF17-42FD-ACCA-3BBAF9DAE2A0}.Release|x86.Build.0 = Release|Any CPU
		{310A98FF-AF04-427C-995E-254ED238EE37}.Debug|Any CPU.ActiveCfg = Debug|x86
		{310A98FF-AF04-427C-995E-254ED238EE37}.Debug|ARM.ActiveCfg = Debug|ARM
		{310A98FF-AF04-427C-995E-254ED238EE37}.Debug|ARM.Build.0 = Debug|ARM
		{310A98FF-AF04-427C-995E-254ED238EE37}.Debug|ARM.Deploy.0 = Debug|ARM
		{310A98FF-AF04-427C-995E-254ED238EE37}.Debug|iPhone.ActiveCfg = Debug|x86
		{310A98FF-AF04-427C-995E-254ED238EE37}.Debug|iPhoneSimulator.ActiveCfg = Debug|x86
		{310A98FF-AF04-427C-995E-254ED238EE37}.Debug|x64.ActiveCfg = Debug|x64
		{310A98FF-AF04-427C-995E-254ED238EE37}.Debug|x64.Build.0 = Debug|x64
		{310A98FF-AF04-427C-995E-254ED238EE37}.Debug|x64.Deploy.0 = Debug|x64
		{310A98FF-AF04-427C-995E-254ED238EE37}.Debug|x86.ActiveCfg = Debug|x86
		{310A98FF-AF04-427C-995E-254ED238EE37}.Debug|x86.Build.0 = Debug|x86
		{310A98FF-AF04-427C-995E-254ED238EE37}.Debug|x86.Deploy.0 = Debug|x86
		{310A98FF-AF04-427C-995E-254ED238EE37}.Release|Any CPU.ActiveCfg = Release|x86
		{310A98FF-AF04-427C-995E-254ED238EE37}.Release|ARM.ActiveCfg = Release|ARM
		{310A98FF-AF04-427C-995E-254ED238EE37}.Release|ARM.Build.0 = Release|ARM
		{310A98FF-AF04-427C-995E-254ED238EE37}.Release|ARM.Deploy.0 = Release|ARM
		{310A98FF-AF04-427C-995E-254ED238EE37}.Release|iPhone.ActiveCfg = Release|x86
		{310A98FF-AF04-427C-995E-254ED238EE37}.Release|iPhoneSimulator.ActiveCfg = Release|x86
		{310A98FF-AF04-427C-995E-254ED238EE37}.Release|x64.ActiveCfg = Release|x64
		{310A98FF-AF04-427C-995E-254ED238EE37}.Release|x64.Build.0 = Release|x64
		{310A98FF-AF04-427C-995E-254ED238EE37}.Release|x64.Deploy.0 = Release|x64
		{310A98FF-AF04-427C-995E-254ED238EE37}.Release|x86.ActiveCfg = Release|x86
		{310A98FF-AF04-427C-995E-254ED238EE37}.Release|x86.Build.0 = Release|x86
		{310A98FF-AF04-427C-995E-254ED238EE37}.Release|x86.Deploy.0 = Release|x86
	EndGlobalSection
	GlobalSection(SolutionProperties) = preSolution
		HideSolutionNode = FALSE
	EndGlobalSection
	GlobalSection(ExtensibilityGlobals) = postSolution
		SolutionGuid = {19FBA7E3-16D7-4A5A-812C-6EEC1EE00C69}
	EndGlobalSection
EndGlobal
